
Microsoft Visual Studio Solution File, Format Version 12.00
# Visual Studio Version 17
VisualStudioVersion = 17.9.34728.123
MinimumVisualStudioVersion = 10.0.40219.1
Project("{FAE04EC0-301F-11D3-BF4B-00C04F79EFBC}") = "Prime", "Prime\Prime.csproj", "{08485F69-7CD9-48A1-95DD-1AB8A8512ADF}"
EndProject
Project("{E53339B2-1760-4266-BCC7-CA923CBCF16C}") = "docker-compose", "docker-compose.dcproj", "{77EB11D5-1E84-4F0F-8C54-196EC95A47E4}"
EndProject
Global
	GlobalSection(SolutionConfigurationPlatforms) = preSolution
		Debug|Any CPU = Debug|Any CPU
		Release|Any CPU = Release|Any CPU
	EndGlobalSection
	GlobalSection(ProjectConfigurationPlatforms) = postSolution
		{08485F69-7CD9-48A1-95DD-1AB8A8512ADF}.Debug|Any CPU.ActiveCfg = Debug|Any CPU
		{08485F69-7CD9-48A1-95DD-1AB8A8512ADF}.Debug|Any CPU.Build.0 = Debug|Any CPU
		{08485F69-7CD9-48A1-95DD-1AB8A8512ADF}.Release|Any CPU.ActiveCfg = Release|Any CPU
		{08485F69-7CD9-48A1-95DD-1AB8A8512ADF}.Release|Any CPU.Build.0 = Release|Any CPU
		{77EB11D5-1E84-4F0F-8C54-196EC95A47E4}.Debug|Any CPU.ActiveCfg = Debug|Any CPU
		{77EB11D5-1E84-4F0F-8C54-196EC95A47E4}.Debug|Any CPU.Build.0 = Debug|Any CPU
		{77EB11D5-1E84-4F0F-8C54-196EC95A47E4}.Release|Any CPU.ActiveCfg = Release|Any CPU
		{77EB11D5-1E84-4F0F-8C54-196EC95A47E4}.Release|Any CPU.Build.0 = Release|Any CPU
	EndGlobalSection
	GlobalSection(SolutionProperties) = preSolution
		HideSolutionNode = FALSE
	EndGlobalSection
	GlobalSection(ExtensibilityGlobals) = postSolution
		SolutionGuid = {12D32CDD-5FC9-49E1-922F-08211A158BD3}
	EndGlobalSection
EndGlobal
